
Microsoft Visual Studio Solution File, Format Version 12.00
# Visual Studio Version 17
VisualStudioVersion = 17.9.34701.34
MinimumVisualStudioVersion = 10.0.40219.1
Project("{FAE04EC0-301F-11D3-BF4B-00C04F79EFBC}") = "NanoSoftCode", "NanoSoftCode\NanoSoftCode.csproj", "{1D5A1C02-BD55-4086-946A-CC0EA865C401}"
EndProject
Global
	GlobalSection(SolutionConfigurationPlatforms) = preSolution
		Debug|Any CPU = Debug|Any CPU
		Release|Any CPU = Release|Any CPU
	EndGlobalSection
	GlobalSection(ProjectConfigurationPlatforms) = postSolution
		{1D5A1C02-BD55-4086-946A-CC0EA865C401}.Debug|Any CPU.ActiveCfg = Debug|Any CPU
		{1D5A1C02-BD55-4086-946A-CC0EA865C401}.Debug|Any CPU.Build.0 = Debug|Any CPU
		{1D5A1C02-BD55-4086-946A-CC0EA865C401}.Release|Any CPU.ActiveCfg = Release|Any CPU
		{1D5A1C02-BD55-4086-946A-CC0EA865C401}.Release|Any CPU.Build.0 = Release|Any CPU
	EndGlobalSection
	GlobalSection(SolutionProperties) = preSolution
		HideSolutionNode = FALSE
	EndGlobalSection
	GlobalSection(ExtensibilityGlobals) = postSolution
		SolutionGuid = {FF8EA40F-1F28-4497-B1DE-2A8D4C7A3301}
	EndGlobalSection
EndGlobal
